
Microsoft Visual Studio Solution File, Format Version 12.00
# Visual Studio Version 16
VisualStudioVersion = 16.0.31112.23
MinimumVisualStudioVersion = 10.0.40219.1
Project("{FAE04EC0-301F-11D3-BF4B-00C04F79EFBC}") = "Amiibopedia.Android", "Amiibopedia\Amiibopedia.Android\Amiibopedia.Android.csproj", "{39838DF4-78CB-4567-A931-6E0EDAFC9728}"
EndProject
Project("{FAE04EC0-301F-11D3-BF4B-00C04F79EFBC}") = "Amiibopedia.iOS", "Amiibopedia\Amiibopedia.iOS\Amiibopedia.iOS.csproj", "{23DD17B1-70C6-463A-8A21-92472E19DA47}"
EndProject
Project("{FAE04EC0-301F-11D3-BF4B-00C04F79EFBC}") = "Amiibopedia", "Amiibopedia\Amiibopedia\Amiibopedia.csproj", "{5BFAB00C-B6E5-4215-868C-C7DF7D81C4C0}"
EndProject
Global
	GlobalSection(SolutionConfigurationPlatforms) = preSolution
		Debug|Any CPU = Debug|Any CPU
		Debug|iPhone = Debug|iPhone
		Debug|iPhoneSimulator = Debug|iPhoneSimulator
		Release|Any CPU = Release|Any CPU
		Release|iPhone = Release|iPhone
		Release|iPhoneSimulator = Release|iPhoneSimulator
	EndGlobalSection
	GlobalSection(ProjectConfigurationPlatforms) = postSolution
		{39838DF4-78CB-4567-A931-6E0EDAFC9728}.Debug|Any CPU.ActiveCfg = Debug|Any CPU
		{39838DF4-78CB-4567-A931-6E0EDAFC9728}.Debug|Any CPU.Build.0 = Debug|Any CPU
		{39838DF4-78CB-4567-A931-6E0EDAFC9728}.Debug|Any CPU.Deploy.0 = Debug|Any CPU
		{39838DF4-78CB-4567-A931-6E0EDAFC9728}.Debug|iPhone.ActiveCfg = Debug|Any CPU
		{39838DF4-78CB-4567-A931-6E0EDAFC9728}.Debug|iPhone.Build.0 = Debug|Any CPU
		{39838DF4-78CB-4567-A931-6E0EDAFC9728}.Debug|iPhone.Deploy.0 = Debug|Any CPU
		{39838DF4-78CB-4567-A931-6E0EDAFC9728}.Debug|iPhoneSimulator.ActiveCfg = Debug|Any CPU
		{39838DF4-78CB-4567-A931-6E0EDAFC9728}.Debug|iPhoneSimulator.Build.0 = Debug|Any CPU
		{39838DF4-78CB-4567-A931-6E0EDAFC9728}.Debug|iPhoneSimulator.Deploy.0 = Debug|Any CPU
		{39838DF4-78CB-4567-A931-6E0EDAFC9728}.Release|Any CPU.ActiveCfg = Release|Any CPU
		{39838DF4-78CB-4567-A931-6E0EDAFC9728}.Release|Any CPU.Build.0 = Release|Any CPU
		{39838DF4-78CB-4567-A931-6E0EDAFC9728}.Release|Any CPU.Deploy.0 = Release|Any CPU
		{39838DF4-78CB-4567-A931-6E0EDAFC9728}.Release|iPhone.ActiveCfg = Release|Any CPU
		{39838DF4-78CB-4567-A931-6E0EDAFC9728}.Release|iPhone.Build.0 = Release|Any CPU
		{39838DF4-78CB-4567-A931-6E0EDAFC9728}.Release|iPhone.Deploy.0 = Release|Any CPU
		{39838DF4-78CB-4567-A931-6E0EDAFC9728}.Release|iPhoneSimulator.ActiveCfg = Release|Any CPU
		{39838DF4-78CB-4567-A931-6E0EDAFC9728}.Release|iPhoneSimulator.Build.0 = Release|Any CPU
		{39838DF4-78CB-4567-A931-6E0EDAFC9728}.Release|iPhoneSimulator.Deploy.0 = Release|Any CPU
		{23DD17B1-70C6-463A-8A21-92472E19DA47}.Debug|Any CPU.ActiveCfg = Debug|iPhone
		{23DD17B1-70C6-463A-8A21-92472E19DA47}.Debug|Any CPU.Build.0 = Debug|iPhone
		{23DD17B1-70C6-463A-8A21-92472E19DA47}.Debug|Any CPU.Deploy.0 = Debug|iPhone
		{23DD17B1-70C6-463A-8A21-92472E19DA47}.Debug|iPhone.ActiveCfg = Debug|iPhone
		{23DD17B1-70C6-463A-8A21-92472E19DA47}.Debug|iPhone.Build.0 = Debug|iPhone
		{23DD17B1-70C6-463A-8A21-92472E19DA47}.Debug|iPhone.Deploy.0 = Debug|iPhone
		{23DD17B1-70C6-463A-8A21-92472E19DA47}.Debug|iPhoneSimulator.ActiveCfg = Debug|iPhoneSimulator
		{23DD17B1-70C6-463A-8A21-92472E19DA47}.Debug|iPhoneSimulator.Build.0 = Debug|iPhoneSimulator
		{23DD17B1-70C6-463A-8A21-92472E19DA47}.Debug|iPhoneSimulator.Deploy.0 = Debug|iPhoneSimulator
		{23DD17B1-70C6-463A-8A21-92472E19DA47}.Release|Any CPU.ActiveCfg = Release|iPhoneSimulator
		{23DD17B1-70C6-463A-8A21-92472E19DA47}.Release|Any CPU.Build.0 = Release|iPhoneSimulator
		{23DD17B1-70C6-463A-8A21-92472E19DA47}.Release|Any CPU.Deploy.0 = Release|iPhoneSimulator
		{23DD17B1-70C6-463A-8A21-92472E19DA47}.Release|iPhone.ActiveCfg = Release|iPhone
		{23DD17B1-70C6-463A-8A21-92472E19DA47}.Release|iPhone.Build.0 = Release|iPhone
		{23DD17B1-70C6-463A-8A21-92472E19DA47}.Release|iPhone.Deploy.0 = Release|iPhone
		{23DD17B1-70C6-463A-8A21-92472E19DA47}.Release|iPhoneSimulator.ActiveCfg = Release|iPhoneSimulator
		{23DD17B1-70C6-463A-8A21-92472E19DA47}.Release|iPhoneSimulator.Build.0 = Release|iPhoneSimulator
		{23DD17B1-70C6-463A-8A21-92472E19DA47}.Release|iPhoneSimulator.Deploy.0 = Release|iPhoneSimulator
		{5BFAB00C-B6E5-4215-868C-C7DF7D81C4C0}.Debug|Any CPU.ActiveCfg = Debug|Any CPU
		{5BFAB00C-B6E5-4215-868C-C7DF7D81C4C0}.Debug|Any CPU.Build.0 = Debug|Any CPU
		{5BFAB00C-B6E5-4215-868C-C7DF7D81C4C0}.Debug|Any CPU.Deploy.0 = Debug|Any CPU
		{5BFAB00C-B6E5-4215-868C-C7DF7D81C4C0}.Debug|iPhone.ActiveCfg = Debug|Any CPU
		{5BFAB00C-B6E5-4215-868C-C7DF7D81C4C0}.Debug|iPhone.Build.0 = Debug|Any CPU
		{5BFAB00C-B6E5-4215-868C-C7DF7D81C4C0}.Debug|iPhone.Deploy.0 = Debug|Any CPU
		{5BFAB00C-B6E5-4215-868C-C7DF7D81C4C0}.Debug|iPhoneSimulator.ActiveCfg = Debug|Any CPU
		{5BFAB00C-B6E5-4215-868C-C7DF7D81C4C0}.Debug|iPhoneSimulator.Build.0 = Debug|Any CPU
		{5BFAB00C-B6E5-4215-868C-C7DF7D81C4C0}.Debug|iPhoneSimulator.Deploy.0 = Debug|Any CPU
		{5BFAB00C-B6E5-4215-868C-C7DF7D81C4C0}.Release|Any CPU.ActiveCfg = Release|Any CPU
		{5BFAB00C-B6E5-4215-868C-C7DF7D81C4C0}.Release|Any CPU.Build.0 = Release|Any CPU
		{5BFAB00C-B6E5-4215-868C-C7DF7D81C4C0}.Release|Any CPU.Deploy.0 = Release|Any CPU
		{5BFAB00C-B6E5-4215-868C-C7DF7D81C4C0}.Release|iPhone.ActiveCfg = Release|Any CPU
		{5BFAB00C-B6E5-4215-868C-C7DF7D81C4C0}.Release|iPhone.Build.0 = Release|Any CPU
		{5BFAB00C-B6E5-4215-868C-C7DF7D81C4C0}.Release|iPhone.Deploy.0 = Release|Any CPU
		{5BFAB00C-B6E5-4215-868C-C7DF7D81C4C0}.Release|iPhoneSimulator.ActiveCfg = Release|Any CPU
		{5BFAB00C-B6E5-4215-868C-C7DF7D81C4C0}.Release|iPhoneSimulator.Build.0 = Release|Any CPU
		{5BFAB00C-B6E5-4215-868C-C7DF7D81C4C0}.Release|iPhoneSimulator.Deploy.0 = Release|Any CPU
	EndGlobalSection
	GlobalSection(SolutionProperties) = preSolution
		HideSolutionNode = FALSE
	EndGlobalSection
	GlobalSection(ExtensibilityGlobals) = postSolution
		SolutionGuid = {A4D9B1AB-02FE-404C-B7D9-EB1BFBDD8D56}
	EndGlobalSection
EndGlobal
